{
  "name": "mjs-mocha-test",
  "version": "1.0.0",
  "lockfileVersion": 1,
  "requires": true,
  "dependencies": {
    "mjs-mocha": {
      "version": "git+https://github.com/romap0/mjs-mocha.git#e08ed653303c7aaa3491a5200d88e32b4ce7dd1e",
      "from": "git+https://github.com/romap0/mjs-mocha.git#fix-shebang"
    }
  }
}
